// !$*UTF8*$!
{
	archiveVersion = 1;
	classes = {
	};
	objectVersion = 51;
	objects = {

/* Begin PBXBuildFile section */
		B03F47ED24C3972600F09879 /* FirebaseModel.swift in Sources */ = {isa = PBXBuildFile; fileRef = B03F47EC24C3972600F09879 /* FirebaseModel.swift */; };
		B03F47EF24C3B74900F09879 /* GoogleService-Info.plist in Resources */ = {isa = PBXBuildFile; fileRef = B03F47EE24C3B74800F09879 /* GoogleService-Info.plist */; };
		B03F47F124C3BCC300F09879 /* Data.swift in Sources */ = {isa = PBXBuildFile; fileRef = B03F47F024C3BCC300F09879 /* Data.swift */; };
		B051802A24B2B902000C86F3 /* FingerTapTestViewController.swift in Sources */ = {isa = PBXBuildFile; fileRef = B051802824B2B902000C86F3 /* FingerTapTestViewController.swift */; };
		B051802D24B2CE0F000C86F3 /* RotationTestViewController.swift in Sources */ = {isa = PBXBuildFile; fileRef = B051802C24B2CE0F000C86F3 /* RotationTestViewController.swift */; };
		B051802F24B2D48A000C86F3 /* ClinicalRatingViewController.swift in Sources */ = {isa = PBXBuildFile; fileRef = B051802E24B2D48A000C86F3 /* ClinicalRatingViewController.swift */; };
		B051803224B2D673000C86F3 /* RestViewController.swift in Sources */ = {isa = PBXBuildFile; fileRef = B051803124B2D673000C86F3 /* RestViewController.swift */; };
		B08507D224B12ACB00371BE1 /* AppDelegate.swift in Sources */ = {isa = PBXBuildFile; fileRef = B08507D124B12ACB00371BE1 /* AppDelegate.swift */; };
		B08507D424B12ACB00371BE1 /* SceneDelegate.swift in Sources */ = {isa = PBXBuildFile; fileRef = B08507D324B12ACB00371BE1 /* SceneDelegate.swift */; };
		B08507D924B12ACB00371BE1 /* Main.storyboard in Resources */ = {isa = PBXBuildFile; fileRef = B08507D724B12ACB00371BE1 /* Main.storyboard */; };
		B08507DC24B12ACB00371BE1 /* ParkinsonsDataCollection.xcdatamodeld in Sources */ = {isa = PBXBuildFile; fileRef = B08507DA24B12ACB00371BE1 /* ParkinsonsDataCollection.xcdatamodeld */; };
		B08507DE24B12ACC00371BE1 /* Assets.xcassets in Resources */ = {isa = PBXBuildFile; fileRef = B08507DD24B12ACC00371BE1 /* Assets.xcassets */; };
		B08507E124B12ACC00371BE1 /* LaunchScreen.storyboard in Resources */ = {isa = PBXBuildFile; fileRef = B08507DF24B12ACC00371BE1 /* LaunchScreen.storyboard */; };
		B08507EC24B12ACC00371BE1 /* ParkinsonsDataCollectionTests.swift in Sources */ = {isa = PBXBuildFile; fileRef = B08507EB24B12ACC00371BE1 /* ParkinsonsDataCollectionTests.swift */; };
		B08507F724B12ACC00371BE1 /* ParkinsonsDataCollectionUITests.swift in Sources */ = {isa = PBXBuildFile; fileRef = B08507F624B12ACC00371BE1 /* ParkinsonsDataCollectionUITests.swift */; };
		B085080724B12AE900371BE1 /* Button.swift in Sources */ = {isa = PBXBuildFile; fileRef = B085080624B12AE900371BE1 /* Button.swift */; };
		B085080924B1359000371BE1 /* OverviewViewController.swift in Sources */ = {isa = PBXBuildFile; fileRef = B085080824B1359000371BE1 /* OverviewViewController.swift */; };
		B085080D24B135F600371BE1 /* TaskViewModel.swift in Sources */ = {isa = PBXBuildFile; fileRef = B085080C24B135F600371BE1 /* TaskViewModel.swift */; };
		B085080F24B136F300371BE1 /* Constants.swift in Sources */ = {isa = PBXBuildFile; fileRef = B085080E24B136F300371BE1 /* Constants.swift */; };
		B09238FC24B3C7550064F482 /* Task.swift in Sources */ = {isa = PBXBuildFile; fileRef = B09238FB24B3C7550064F482 /* Task.swift */; };
		B092390024B46DE10064F482 /* Color.swift in Sources */ = {isa = PBXBuildFile; fileRef = B09238FF24B46DE10064F482 /* Color.swift */; };
		B092390224BA8F2D0064F482 /* SteppingSlider.swift in Sources */ = {isa = PBXBuildFile; fileRef = B092390124BA8F2D0064F482 /* SteppingSlider.swift */; };
		B0A6360824C1392B00B9AFEF /* NavigationCoordinator.swift in Sources */ = {isa = PBXBuildFile; fileRef = B0A6360724C1392B00B9AFEF /* NavigationCoordinator.swift */; };
		B0A6361724C19BC100B9AFEF /* QuestionnaireViewController.swift in Sources */ = {isa = PBXBuildFile; fileRef = B0A6361624C19BC100B9AFEF /* QuestionnaireViewController.swift */; };
		B0A6361924C19C4F00B9AFEF /* NewExamViewController.swift in Sources */ = {isa = PBXBuildFile; fileRef = B0A6361824C19C4F00B9AFEF /* NewExamViewController.swift */; };
		DD0090D37004D50EFEBD06DC /* Pods_ParkinsonsDataCollection.framework in Frameworks */ = {isa = PBXBuildFile; fileRef = 6E531321589C963673170A78 /* Pods_ParkinsonsDataCollection.framework */; };
		DFC6636087B529B68DF3FE98 /* Pods_ParkinsonsDataCollectionTests.framework in Frameworks */ = {isa = PBXBuildFile; fileRef = B944B4CBB8DB55633FE5A676 /* Pods_ParkinsonsDataCollectionTests.framework */; };
		F6743FA6A2197DEE20808FD8 /* Pods_ParkinsonsDataCollection_ParkinsonsDataCollectionUITests.framework in Frameworks */ = {isa = PBXBuildFile; fileRef = B6ECB65302071E51C5A4878D /* Pods_ParkinsonsDataCollection_ParkinsonsDataCollectionUITests.framework */; };
/* End PBXBuildFile section */

/* Begin PBXContainerItemProxy section */
		B08507E824B12ACC00371BE1 /* PBXContainerItemProxy */ = {
			isa = PBXContainerItemProxy;
			containerPortal = B08507C624B12ACB00371BE1 /* Project object */;
			proxyType = 1;
			remoteGlobalIDString = B08507CD24B12ACB00371BE1;
			remoteInfo = ParkinsonsDataCollection;
		};
		B08507F324B12ACC00371BE1 /* PBXContainerItemProxy */ = {
			isa = PBXContainerItemProxy;
			containerPortal = B08507C624B12ACB00371BE1 /* Project object */;
			proxyType = 1;
			remoteGlobalIDString = B08507CD24B12ACB00371BE1;
			remoteInfo = ParkinsonsDataCollection;
		};
/* End PBXContainerItemProxy section */

/* Begin PBXFileReference section */
		136069C18C296B92FC6E4544 /* Pods-ParkinsonsDataCollection-ParkinsonsDataCollectionUITests.debug.xcconfig */ = {isa = PBXFileReference; includeInIndex = 1; lastKnownFileType = text.xcconfig; name = "Pods-ParkinsonsDataCollection-ParkinsonsDataCollectionUITests.debug.xcconfig"; path = "Target Support Files/Pods-ParkinsonsDataCollection-ParkinsonsDataCollectionUITests/Pods-ParkinsonsDataCollection-ParkinsonsDataCollectionUITests.debug.xcconfig"; sourceTree = "<group>"; };
		6E531321589C963673170A78 /* Pods_ParkinsonsDataCollection.framework */ = {isa = PBXFileReference; explicitFileType = wrapper.framework; includeInIndex = 0; path = Pods_ParkinsonsDataCollection.framework; sourceTree = BUILT_PRODUCTS_DIR; };
		8A56F18220259BAC555A6492 /* Pods-ParkinsonsDataCollection.debug.xcconfig */ = {isa = PBXFileReference; includeInIndex = 1; lastKnownFileType = text.xcconfig; name = "Pods-ParkinsonsDataCollection.debug.xcconfig"; path = "Target Support Files/Pods-ParkinsonsDataCollection/Pods-ParkinsonsDataCollection.debug.xcconfig"; sourceTree = "<group>"; };
		9B140C8B1AB0FA31797F28AC /* Pods-ParkinsonsDataCollectionTests.debug.xcconfig */ = {isa = PBXFileReference; includeInIndex = 1; lastKnownFileType = text.xcconfig; name = "Pods-ParkinsonsDataCollectionTests.debug.xcconfig"; path = "Target Support Files/Pods-ParkinsonsDataCollectionTests/Pods-ParkinsonsDataCollectionTests.debug.xcconfig"; sourceTree = "<group>"; };
		B03F47EC24C3972600F09879 /* FirebaseModel.swift */ = {isa = PBXFileReference; lastKnownFileType = sourcecode.swift; path = FirebaseModel.swift; sourceTree = "<group>"; };
		B03F47EE24C3B74800F09879 /* GoogleService-Info.plist */ = {isa = PBXFileReference; fileEncoding = 4; lastKnownFileType = text.plist.xml; path = "GoogleService-Info.plist"; sourceTree = "<group>"; };
		B03F47F024C3BCC300F09879 /* Data.swift */ = {isa = PBXFileReference; lastKnownFileType = sourcecode.swift; path = Data.swift; sourceTree = "<group>"; };
		B051802824B2B902000C86F3 /* FingerTapTestViewController.swift */ = {isa = PBXFileReference; lastKnownFileType = sourcecode.swift; path = FingerTapTestViewController.swift; sourceTree = "<group>"; };
		B051802C24B2CE0F000C86F3 /* RotationTestViewController.swift */ = {isa = PBXFileReference; lastKnownFileType = sourcecode.swift; path = RotationTestViewController.swift; sourceTree = "<group>"; };
		B051802E24B2D48A000C86F3 /* ClinicalRatingViewController.swift */ = {isa = PBXFileReference; lastKnownFileType = sourcecode.swift; path = ClinicalRatingViewController.swift; sourceTree = "<group>"; };
		B051803124B2D673000C86F3 /* RestViewController.swift */ = {isa = PBXFileReference; lastKnownFileType = sourcecode.swift; path = RestViewController.swift; sourceTree = "<group>"; };
		B08507CE24B12ACB00371BE1 /* ParkinsonsDataCollection.app */ = {isa = PBXFileReference; explicitFileType = wrapper.application; includeInIndex = 0; path = ParkinsonsDataCollection.app; sourceTree = BUILT_PRODUCTS_DIR; };
		B08507D124B12ACB00371BE1 /* AppDelegate.swift */ = {isa = PBXFileReference; lastKnownFileType = sourcecode.swift; path = AppDelegate.swift; sourceTree = "<group>"; };
		B08507D324B12ACB00371BE1 /* SceneDelegate.swift */ = {isa = PBXFileReference; lastKnownFileType = sourcecode.swift; path = SceneDelegate.swift; sourceTree = "<group>"; };
		B08507D824B12ACB00371BE1 /* Base */ = {isa = PBXFileReference; lastKnownFileType = file.storyboard; name = Base; path = Base.lproj/Main.storyboard; sourceTree = "<group>"; };
		B08507DB24B12ACB00371BE1 /* ParkinsonsDataCollection.xcdatamodel */ = {isa = PBXFileReference; lastKnownFileType = wrapper.xcdatamodel; path = ParkinsonsDataCollection.xcdatamodel; sourceTree = "<group>"; };
		B08507DD24B12ACC00371BE1 /* Assets.xcassets */ = {isa = PBXFileReference; lastKnownFileType = folder.assetcatalog; path = Assets.xcassets; sourceTree = "<group>"; };
		B08507E024B12ACC00371BE1 /* Base */ = {isa = PBXFileReference; lastKnownFileType = file.storyboard; name = Base; path = Base.lproj/LaunchScreen.storyboard; sourceTree = "<group>"; };
		B08507E224B12ACC00371BE1 /* Info.plist */ = {isa = PBXFileReference; lastKnownFileType = text.plist.xml; path = Info.plist; sourceTree = "<group>"; };
		B08507E724B12ACC00371BE1 /* ParkinsonsDataCollectionTests.xctest */ = {isa = PBXFileReference; explicitFileType = wrapper.cfbundle; includeInIndex = 0; path = ParkinsonsDataCollectionTests.xctest; sourceTree = BUILT_PRODUCTS_DIR; };
		B08507EB24B12ACC00371BE1 /* ParkinsonsDataCollectionTests.swift */ = {isa = PBXFileReference; lastKnownFileType = sourcecode.swift; path = ParkinsonsDataCollectionTests.swift; sourceTree = "<group>"; };
		B08507ED24B12ACC00371BE1 /* Info.plist */ = {isa = PBXFileReference; lastKnownFileType = text.plist.xml; path = Info.plist; sourceTree = "<group>"; };
		B08507F224B12ACC00371BE1 /* ParkinsonsDataCollectionUITests.xctest */ = {isa = PBXFileReference; explicitFileType = wrapper.cfbundle; includeInIndex = 0; path = ParkinsonsDataCollectionUITests.xctest; sourceTree = BUILT_PRODUCTS_DIR; };
		B08507F624B12ACC00371BE1 /* ParkinsonsDataCollectionUITests.swift */ = {isa = PBXFileReference; lastKnownFileType = sourcecode.swift; path = ParkinsonsDataCollectionUITests.swift; sourceTree = "<group>"; };
		B08507F824B12ACC00371BE1 /* Info.plist */ = {isa = PBXFileReference; lastKnownFileType = text.plist.xml; path = Info.plist; sourceTree = "<group>"; };
		B085080624B12AE900371BE1 /* Button.swift */ = {isa = PBXFileReference; lastKnownFileType = sourcecode.swift; path = Button.swift; sourceTree = "<group>"; };
		B085080824B1359000371BE1 /* OverviewViewController.swift */ = {isa = PBXFileReference; lastKnownFileType = sourcecode.swift; path = OverviewViewController.swift; sourceTree = "<group>"; };
		B085080C24B135F600371BE1 /* TaskViewModel.swift */ = {isa = PBXFileReference; lastKnownFileType = sourcecode.swift; path = TaskViewModel.swift; sourceTree = "<group>"; };
		B085080E24B136F300371BE1 /* Constants.swift */ = {isa = PBXFileReference; lastKnownFileType = sourcecode.swift; path = Constants.swift; sourceTree = "<group>"; };
		B09238FB24B3C7550064F482 /* Task.swift */ = {isa = PBXFileReference; lastKnownFileType = sourcecode.swift; path = Task.swift; sourceTree = "<group>"; };
		B09238FF24B46DE10064F482 /* Color.swift */ = {isa = PBXFileReference; lastKnownFileType = sourcecode.swift; path = Color.swift; sourceTree = "<group>"; };
		B092390124BA8F2D0064F482 /* SteppingSlider.swift */ = {isa = PBXFileReference; lastKnownFileType = sourcecode.swift; path = SteppingSlider.swift; sourceTree = "<group>"; };
		B0A6360724C1392B00B9AFEF /* NavigationCoordinator.swift */ = {isa = PBXFileReference; lastKnownFileType = sourcecode.swift; path = NavigationCoordinator.swift; sourceTree = "<group>"; };
		B0A6361624C19BC100B9AFEF /* QuestionnaireViewController.swift */ = {isa = PBXFileReference; lastKnownFileType = sourcecode.swift; path = QuestionnaireViewController.swift; sourceTree = "<group>"; };
		B0A6361824C19C4F00B9AFEF /* NewExamViewController.swift */ = {isa = PBXFileReference; lastKnownFileType = sourcecode.swift; path = NewExamViewController.swift; sourceTree = "<group>"; };
		B6ECB65302071E51C5A4878D /* Pods_ParkinsonsDataCollection_ParkinsonsDataCollectionUITests.framework */ = {isa = PBXFileReference; explicitFileType = wrapper.framework; includeInIndex = 0; path = Pods_ParkinsonsDataCollection_ParkinsonsDataCollectionUITests.framework; sourceTree = BUILT_PRODUCTS_DIR; };
		B944B4CBB8DB55633FE5A676 /* Pods_ParkinsonsDataCollectionTests.framework */ = {isa = PBXFileReference; explicitFileType = wrapper.framework; includeInIndex = 0; path = Pods_ParkinsonsDataCollectionTests.framework; sourceTree = BUILT_PRODUCTS_DIR; };
		BC4A12E81671F82109F4352C /* Pods-ParkinsonsDataCollection-ParkinsonsDataCollectionUITests.release.xcconfig */ = {isa = PBXFileReference; includeInIndex = 1; lastKnownFileType = text.xcconfig; name = "Pods-ParkinsonsDataCollection-ParkinsonsDataCollectionUITests.release.xcconfig"; path = "Target Support Files/Pods-ParkinsonsDataCollection-ParkinsonsDataCollectionUITests/Pods-ParkinsonsDataCollection-ParkinsonsDataCollectionUITests.release.xcconfig"; sourceTree = "<group>"; };
		E1FE4C48D402D631A8792CBE /* Pods-ParkinsonsDataCollectionTests.release.xcconfig */ = {isa = PBXFileReference; includeInIndex = 1; lastKnownFileType = text.xcconfig; name = "Pods-ParkinsonsDataCollectionTests.release.xcconfig"; path = "Target Support Files/Pods-ParkinsonsDataCollectionTests/Pods-ParkinsonsDataCollectionTests.release.xcconfig"; sourceTree = "<group>"; };
		F33ECFDD8398A503E71B1A3F /* Pods-ParkinsonsDataCollection.release.xcconfig */ = {isa = PBXFileReference; includeInIndex = 1; lastKnownFileType = text.xcconfig; name = "Pods-ParkinsonsDataCollection.release.xcconfig"; path = "Target Support Files/Pods-ParkinsonsDataCollection/Pods-ParkinsonsDataCollection.release.xcconfig"; sourceTree = "<group>"; };
/* End PBXFileReference section */

/* Begin PBXFrameworksBuildPhase section */
		B08507CB24B12ACB00371BE1 /* Frameworks */ = {
			isa = PBXFrameworksBuildPhase;
			buildActionMask = 2147483647;
			files = (
				DD0090D37004D50EFEBD06DC /* Pods_ParkinsonsDataCollection.framework in Frameworks */,
			);
			runOnlyForDeploymentPostprocessing = 0;
		};
		B08507E424B12ACC00371BE1 /* Frameworks */ = {
			isa = PBXFrameworksBuildPhase;
			buildActionMask = 2147483647;
			files = (
				DFC6636087B529B68DF3FE98 /* Pods_ParkinsonsDataCollectionTests.framework in Frameworks */,
			);
			runOnlyForDeploymentPostprocessing = 0;
		};
		B08507EF24B12ACC00371BE1 /* Frameworks */ = {
			isa = PBXFrameworksBuildPhase;
			buildActionMask = 2147483647;
			files = (
				F6743FA6A2197DEE20808FD8 /* Pods_ParkinsonsDataCollection_ParkinsonsDataCollectionUITests.framework in Frameworks */,
			);
			runOnlyForDeploymentPostprocessing = 0;
		};
/* End PBXFrameworksBuildPhase section */

/* Begin PBXGroup section */
		0A5E3C5BD2A550C2050E47B7 /* Frameworks */ = {
			isa = PBXGroup;
			children = (
				6E531321589C963673170A78 /* Pods_ParkinsonsDataCollection.framework */,
				B6ECB65302071E51C5A4878D /* Pods_ParkinsonsDataCollection_ParkinsonsDataCollectionUITests.framework */,
				B944B4CBB8DB55633FE5A676 /* Pods_ParkinsonsDataCollectionTests.framework */,
			);
			name = Frameworks;
			sourceTree = "<group>";
		};
		B051803024B2D493000C86F3 /* View Controllers */ = {
			isa = PBXGroup;
			children = (
				B085080824B1359000371BE1 /* OverviewViewController.swift */,
				B051802824B2B902000C86F3 /* FingerTapTestViewController.swift */,
				B051802C24B2CE0F000C86F3 /* RotationTestViewController.swift */,
				B051802E24B2D48A000C86F3 /* ClinicalRatingViewController.swift */,
				B051803124B2D673000C86F3 /* RestViewController.swift */,
				B0A6361624C19BC100B9AFEF /* QuestionnaireViewController.swift */,
				B0A6361824C19C4F00B9AFEF /* NewExamViewController.swift */,
			);
			path = "View Controllers";
			sourceTree = "<group>";
		};
		B08507C524B12ACB00371BE1 = {
			isa = PBXGroup;
			children = (
				B08507D024B12ACB00371BE1 /* ParkinsonsDataCollection */,
				B08507EA24B12ACC00371BE1 /* ParkinsonsDataCollectionTests */,
				B08507F524B12ACC00371BE1 /* ParkinsonsDataCollectionUITests */,
				B08507CF24B12ACB00371BE1 /* Products */,
				C6934C7AA80AA6BA90AC5FD9 /* Pods */,
				0A5E3C5BD2A550C2050E47B7 /* Frameworks */,
			);
			sourceTree = "<group>";
		};
		B08507CF24B12ACB00371BE1 /* Products */ = {
			isa = PBXGroup;
			children = (
				B08507CE24B12ACB00371BE1 /* ParkinsonsDataCollection.app */,
				B08507E724B12ACC00371BE1 /* ParkinsonsDataCollectionTests.xctest */,
				B08507F224B12ACC00371BE1 /* ParkinsonsDataCollectionUITests.xctest */,
			);
			name = Products;
			sourceTree = "<group>";
		};
		B08507D024B12ACB00371BE1 /* ParkinsonsDataCollection */ = {
			isa = PBXGroup;
			children = (
				B0A6360D24C1477600B9AFEF /* Rest */,
				B0A6360C24C1476D00B9AFEF /* Rate Activity */,
				B0A6360B24C1476400B9AFEF /* Supination Pronation */,
				B0A6360A24C1475F00B9AFEF /* Finger Tap */,
				B0A6360924C1475700B9AFEF /* Task Overview */,
				B051803024B2D493000C86F3 /* View Controllers */,
				B085080524B12ADC00371BE1 /* View */,
				B085080424B12AD600371BE1 /* Model */,
				B08507D124B12ACB00371BE1 /* AppDelegate.swift */,
				B08507D324B12ACB00371BE1 /* SceneDelegate.swift */,
				B08507D724B12ACB00371BE1 /* Main.storyboard */,
				B08507DD24B12ACC00371BE1 /* Assets.xcassets */,
				B08507DF24B12ACC00371BE1 /* LaunchScreen.storyboard */,
				B08507E224B12ACC00371BE1 /* Info.plist */,
				B03F47EE24C3B74800F09879 /* GoogleService-Info.plist */,
				B08507DA24B12ACB00371BE1 /* ParkinsonsDataCollection.xcdatamodeld */,
				B0A6360724C1392B00B9AFEF /* NavigationCoordinator.swift */,
			);
			path = ParkinsonsDataCollection;
			sourceTree = "<group>";
		};
		B08507EA24B12ACC00371BE1 /* ParkinsonsDataCollectionTests */ = {
			isa = PBXGroup;
			children = (
				B08507EB24B12ACC00371BE1 /* ParkinsonsDataCollectionTests.swift */,
				B08507ED24B12ACC00371BE1 /* Info.plist */,
			);
			path = ParkinsonsDataCollectionTests;
			sourceTree = "<group>";
		};
		B08507F524B12ACC00371BE1 /* ParkinsonsDataCollectionUITests */ = {
			isa = PBXGroup;
			children = (
				B08507F624B12ACC00371BE1 /* ParkinsonsDataCollectionUITests.swift */,
				B08507F824B12ACC00371BE1 /* Info.plist */,
			);
			path = ParkinsonsDataCollectionUITests;
			sourceTree = "<group>";
		};
		B085080424B12AD600371BE1 /* Model */ = {
			isa = PBXGroup;
			children = (
				B09238FB24B3C7550064F482 /* Task.swift */,
				B03F47EC24C3972600F09879 /* FirebaseModel.swift */,
				B03F47F024C3BCC300F09879 /* Data.swift */,
			);
			path = Model;
			sourceTree = "<group>";
		};
		B085080524B12ADC00371BE1 /* View */ = {
			isa = PBXGroup;
			children = (
				B085080624B12AE900371BE1 /* Button.swift */,
				B085080C24B135F600371BE1 /* TaskViewModel.swift */,
				B085080E24B136F300371BE1 /* Constants.swift */,
				B09238FF24B46DE10064F482 /* Color.swift */,
				B092390124BA8F2D0064F482 /* SteppingSlider.swift */,
			);
			path = View;
			sourceTree = "<group>";
		};
		B0A6360924C1475700B9AFEF /* Task Overview */ = {
			isa = PBXGroup;
			children = (
			);
			path = "Task Overview";
			sourceTree = "<group>";
		};
		B0A6360A24C1475F00B9AFEF /* Finger Tap */ = {
			isa = PBXGroup;
			children = (
			);
			path = "Finger Tap";
			sourceTree = "<group>";
		};
		B0A6360B24C1476400B9AFEF /* Supination Pronation */ = {
			isa = PBXGroup;
			children = (
			);
			path = "Supination Pronation";
			sourceTree = "<group>";
		};
		B0A6360C24C1476D00B9AFEF /* Rate Activity */ = {
			isa = PBXGroup;
			children = (
			);
			path = "Rate Activity";
			sourceTree = "<group>";
		};
		B0A6360D24C1477600B9AFEF /* Rest */ = {
			isa = PBXGroup;
			children = (
			);
			path = Rest;
			sourceTree = "<group>";
		};
		C6934C7AA80AA6BA90AC5FD9 /* Pods */ = {
			isa = PBXGroup;
			children = (
				8A56F18220259BAC555A6492 /* Pods-ParkinsonsDataCollection.debug.xcconfig */,
				F33ECFDD8398A503E71B1A3F /* Pods-ParkinsonsDataCollection.release.xcconfig */,
				136069C18C296B92FC6E4544 /* Pods-ParkinsonsDataCollection-ParkinsonsDataCollectionUITests.debug.xcconfig */,
				BC4A12E81671F82109F4352C /* Pods-ParkinsonsDataCollection-ParkinsonsDataCollectionUITests.release.xcconfig */,
				9B140C8B1AB0FA31797F28AC /* Pods-ParkinsonsDataCollectionTests.debug.xcconfig */,
				E1FE4C48D402D631A8792CBE /* Pods-ParkinsonsDataCollectionTests.release.xcconfig */,
			);
			path = Pods;
			sourceTree = "<group>";
		};
/* End PBXGroup section */

/* Begin PBXNativeTarget section */
		B08507CD24B12ACB00371BE1 /* ParkinsonsDataCollection */ = {
			isa = PBXNativeTarget;
			buildConfigurationList = B08507FB24B12ACC00371BE1 /* Build configuration list for PBXNativeTarget "ParkinsonsDataCollection" */;
			buildPhases = (
				CC8CFA95275D5EC14C21B726 /* [CP] Check Pods Manifest.lock */,
				B08507CA24B12ACB00371BE1 /* Sources */,
				B08507CB24B12ACB00371BE1 /* Frameworks */,
				B08507CC24B12ACB00371BE1 /* Resources */,
				6C276132EB32CF58D13A8845 /* [CP] Embed Pods Frameworks */,
			);
			buildRules = (
			);
			dependencies = (
			);
			name = ParkinsonsDataCollection;
			productName = ParkinsonsDataCollection;
			productReference = B08507CE24B12ACB00371BE1 /* ParkinsonsDataCollection.app */;
			productType = "com.apple.product-type.application";
		};
		B08507E624B12ACC00371BE1 /* ParkinsonsDataCollectionTests */ = {
			isa = PBXNativeTarget;
			buildConfigurationList = B08507FE24B12ACC00371BE1 /* Build configuration list for PBXNativeTarget "ParkinsonsDataCollectionTests" */;
			buildPhases = (
				236F12FDAE041345E43E5473 /* [CP] Check Pods Manifest.lock */,
				B08507E324B12ACC00371BE1 /* Sources */,
				B08507E424B12ACC00371BE1 /* Frameworks */,
				B08507E524B12ACC00371BE1 /* Resources */,
			);
			buildRules = (
			);
			dependencies = (
				B08507E924B12ACC00371BE1 /* PBXTargetDependency */,
			);
			name = ParkinsonsDataCollectionTests;
			productName = ParkinsonsDataCollectionTests;
			productReference = B08507E724B12ACC00371BE1 /* ParkinsonsDataCollectionTests.xctest */;
			productType = "com.apple.product-type.bundle.unit-test";
		};
		B08507F124B12ACC00371BE1 /* ParkinsonsDataCollectionUITests */ = {
			isa = PBXNativeTarget;
			buildConfigurationList = B085080124B12ACC00371BE1 /* Build configuration list for PBXNativeTarget "ParkinsonsDataCollectionUITests" */;
			buildPhases = (
				88088F8B56E02BB4777A3D5B /* [CP] Check Pods Manifest.lock */,
				B08507EE24B12ACC00371BE1 /* Sources */,
				B08507EF24B12ACC00371BE1 /* Frameworks */,
				B08507F024B12ACC00371BE1 /* Resources */,
				AB9D68083E08F07F964EFBA0 /* [CP] Embed Pods Frameworks */,
			);
			buildRules = (
			);
			dependencies = (
				B08507F424B12ACC00371BE1 /* PBXTargetDependency */,
			);
			name = ParkinsonsDataCollectionUITests;
			productName = ParkinsonsDataCollectionUITests;
			productReference = B08507F224B12ACC00371BE1 /* ParkinsonsDataCollectionUITests.xctest */;
			productType = "com.apple.product-type.bundle.ui-testing";
		};
/* End PBXNativeTarget section */

/* Begin PBXProject section */
		B08507C624B12ACB00371BE1 /* Project object */ = {
			isa = PBXProject;
			attributes = {
				LastSwiftUpdateCheck = 1150;
				LastUpgradeCheck = 1150;
				ORGANIZATIONNAME = nyerasi;
				TargetAttributes = {
					B08507CD24B12ACB00371BE1 = {
						CreatedOnToolsVersion = 11.5;
					};
					B08507E624B12ACC00371BE1 = {
						CreatedOnToolsVersion = 11.5;
						TestTargetID = B08507CD24B12ACB00371BE1;
					};
					B08507F124B12ACC00371BE1 = {
						CreatedOnToolsVersion = 11.5;
						TestTargetID = B08507CD24B12ACB00371BE1;
					};
				};
			};
			buildConfigurationList = B08507C924B12ACB00371BE1 /* Build configuration list for PBXProject "ParkinsonsDataCollection" */;
			compatibilityVersion = "Xcode 9.3";
			developmentRegion = en;
			hasScannedForEncodings = 0;
			knownRegions = (
				en,
				Base,
			);
			mainGroup = B08507C524B12ACB00371BE1;
			productRefGroup = B08507CF24B12ACB00371BE1 /* Products */;
			projectDirPath = "";
			projectRoot = "";
			targets = (
				B08507CD24B12ACB00371BE1 /* ParkinsonsDataCollection */,
				B08507E624B12ACC00371BE1 /* ParkinsonsDataCollectionTests */,
				B08507F124B12ACC00371BE1 /* ParkinsonsDataCollectionUITests */,
			);
		};
/* End PBXProject section */

/* Begin PBXResourcesBuildPhase section */
		B08507CC24B12ACB00371BE1 /* Resources */ = {
			isa = PBXResourcesBuildPhase;
			buildActionMask = 2147483647;
			files = (
				B08507E124B12ACC00371BE1 /* LaunchScreen.storyboard in Resources */,
				B03F47EF24C3B74900F09879 /* GoogleService-Info.plist in Resources */,
				B08507DE24B12ACC00371BE1 /* Assets.xcassets in Resources */,
				B08507D924B12ACB00371BE1 /* Main.storyboard in Resources */,
			);
			runOnlyForDeploymentPostprocessing = 0;
		};
		B08507E524B12ACC00371BE1 /* Resources */ = {
			isa = PBXResourcesBuildPhase;
			buildActionMask = 2147483647;
			files = (
			);
			runOnlyForDeploymentPostprocessing = 0;
		};
		B08507F024B12ACC00371BE1 /* Resources */ = {
			isa = PBXResourcesBuildPhase;
			buildActionMask = 2147483647;
			files = (
			);
			runOnlyForDeploymentPostprocessing = 0;
		};
/* End PBXResourcesBuildPhase section */

/* Begin PBXShellScriptBuildPhase section */
		236F12FDAE041345E43E5473 /* [CP] Check Pods Manifest.lock */ = {
			isa = PBXShellScriptBuildPhase;
			buildActionMask = 2147483647;
			files = (
			);
			inputFileListPaths = (
			);
			inputPaths = (
				"${PODS_PODFILE_DIR_PATH}/Podfile.lock",
				"${PODS_ROOT}/Manifest.lock",
			);
			name = "[CP] Check Pods Manifest.lock";
			outputFileListPaths = (
			);
			outputPaths = (
				"$(DERIVED_FILE_DIR)/Pods-ParkinsonsDataCollectionTests-checkManifestLockResult.txt",
			);
			runOnlyForDeploymentPostprocessing = 0;
			shellPath = /bin/sh;
			shellScript = "diff \"${PODS_PODFILE_DIR_PATH}/Podfile.lock\" \"${PODS_ROOT}/Manifest.lock\" > /dev/null\nif [ $? != 0 ] ; then\n    # print error to STDERR\n    echo \"error: The sandbox is not in sync with the Podfile.lock. Run 'pod install' or update your CocoaPods installation.\" >&2\n    exit 1\nfi\n# This output is used by Xcode 'outputs' to avoid re-running this script phase.\necho \"SUCCESS\" > \"${SCRIPT_OUTPUT_FILE_0}\"\n";
			showEnvVarsInLog = 0;
		};
		6C276132EB32CF58D13A8845 /* [CP] Embed Pods Frameworks */ = {
			isa = PBXShellScriptBuildPhase;
			buildActionMask = 2147483647;
			files = (
			);
			inputFileListPaths = (
				"${PODS_ROOT}/Target Support Files/Pods-ParkinsonsDataCollection/Pods-ParkinsonsDataCollection-frameworks-${CONFIGURATION}-input-files.xcfilelist",
			);
			name = "[CP] Embed Pods Frameworks";
			outputFileListPaths = (
				"${PODS_ROOT}/Target Support Files/Pods-ParkinsonsDataCollection/Pods-ParkinsonsDataCollection-frameworks-${CONFIGURATION}-output-files.xcfilelist",
			);
			runOnlyForDeploymentPostprocessing = 0;
			shellPath = /bin/sh;
			shellScript = "\"${PODS_ROOT}/Target Support Files/Pods-ParkinsonsDataCollection/Pods-ParkinsonsDataCollection-frameworks.sh\"\n";
			showEnvVarsInLog = 0;
		};
		88088F8B56E02BB4777A3D5B /* [CP] Check Pods Manifest.lock */ = {
			isa = PBXShellScriptBuildPhase;
			buildActionMask = 2147483647;
			files = (
			);
			inputFileListPaths = (
			);
			inputPaths = (
				"${PODS_PODFILE_DIR_PATH}/Podfile.lock",
				"${PODS_ROOT}/Manifest.lock",
			);
			name = "[CP] Check Pods Manifest.lock";
			outputFileListPaths = (
			);
			outputPaths = (
				"$(DERIVED_FILE_DIR)/Pods-ParkinsonsDataCollection-ParkinsonsDataCollectionUITests-checkManifestLockResult.txt",
			);
			runOnlyForDeploymentPostprocessing = 0;
			shellPath = /bin/sh;
			shellScript = "diff \"${PODS_PODFILE_DIR_PATH}/Podfile.lock\" \"${PODS_ROOT}/Manifest.lock\" > /dev/null\nif [ $? != 0 ] ; then\n    # print error to STDERR\n    echo \"error: The sandbox is not in sync with the Podfile.lock. Run 'pod install' or update your CocoaPods installation.\" >&2\n    exit 1\nfi\n# This output is used by Xcode 'outputs' to avoid re-running this script phase.\necho \"SUCCESS\" > \"${SCRIPT_OUTPUT_FILE_0}\"\n";
			showEnvVarsInLog = 0;
		};
		AB9D68083E08F07F964EFBA0 /* [CP] Embed Pods Frameworks */ = {
			isa = PBXShellScriptBuildPhase;
			buildActionMask = 2147483647;
			files = (
			);
			inputFileListPaths = (
				"${PODS_ROOT}/Target Support Files/Pods-ParkinsonsDataCollection-ParkinsonsDataCollectionUITests/Pods-ParkinsonsDataCollection-ParkinsonsDataCollectionUITests-frameworks-${CONFIGURATION}-input-files.xcfilelist",
			);
			name = "[CP] Embed Pods Frameworks";
			outputFileListPaths = (
				"${PODS_ROOT}/Target Support Files/Pods-ParkinsonsDataCollection-ParkinsonsDataCollectionUITests/Pods-ParkinsonsDataCollection-ParkinsonsDataCollectionUITests-frameworks-${CONFIGURATION}-output-files.xcfilelist",
			);
			runOnlyForDeploymentPostprocessing = 0;
			shellPath = /bin/sh;
			shellScript = "\"${PODS_ROOT}/Target Support Files/Pods-ParkinsonsDataCollection-ParkinsonsDataCollectionUITests/Pods-ParkinsonsDataCollection-ParkinsonsDataCollectionUITests-frameworks.sh\"\n";
			showEnvVarsInLog = 0;
		};
		CC8CFA95275D5EC14C21B726 /* [CP] Check Pods Manifest.lock */ = {
			isa = PBXShellScriptBuildPhase;
			buildActionMask = 2147483647;
			files = (
			);
			inputFileListPaths = (
			);
			inputPaths = (
				"${PODS_PODFILE_DIR_PATH}/Podfile.lock",
				"${PODS_ROOT}/Manifest.lock",
			);
			name = "[CP] Check Pods Manifest.lock";
			outputFileListPaths = (
			);
			outputPaths = (
				"$(DERIVED_FILE_DIR)/Pods-ParkinsonsDataCollection-checkManifestLockResult.txt",
			);
			runOnlyForDeploymentPostprocessing = 0;
			shellPath = /bin/sh;
			shellScript = "diff \"${PODS_PODFILE_DIR_PATH}/Podfile.lock\" \"${PODS_ROOT}/Manifest.lock\" > /dev/null\nif [ $? != 0 ] ; then\n    # print error to STDERR\n    echo \"error: The sandbox is not in sync with the Podfile.lock. Run 'pod install' or update your CocoaPods installation.\" >&2\n    exit 1\nfi\n# This output is used by Xcode 'outputs' to avoid re-running this script phase.\necho \"SUCCESS\" > \"${SCRIPT_OUTPUT_FILE_0}\"\n";
			showEnvVarsInLog = 0;
		};
/* End PBXShellScriptBuildPhase section */

/* Begin PBXSourcesBuildPhase section */
		B08507CA24B12ACB00371BE1 /* Sources */ = {
			isa = PBXSourcesBuildPhase;
			buildActionMask = 2147483647;
			files = (
				B03F47ED24C3972600F09879 /* FirebaseModel.swift in Sources */,
				B085080924B1359000371BE1 /* OverviewViewController.swift in Sources */,
				B085080D24B135F600371BE1 /* TaskViewModel.swift in Sources */,
				B085080724B12AE900371BE1 /* Button.swift in Sources */,
				B051802A24B2B902000C86F3 /* FingerTapTestViewController.swift in Sources */,
				B0A6361724C19BC100B9AFEF /* QuestionnaireViewController.swift in Sources */,
				B092390224BA8F2D0064F482 /* SteppingSlider.swift in Sources */,
				B092390024B46DE10064F482 /* Color.swift in Sources */,
				B09238FC24B3C7550064F482 /* Task.swift in Sources */,
				B0A6361924C19C4F00B9AFEF /* NewExamViewController.swift in Sources */,
				B08507D224B12ACB00371BE1 /* AppDelegate.swift in Sources */,
				B08507D424B12ACB00371BE1 /* SceneDelegate.swift in Sources */,
				B0A6360824C1392B00B9AFEF /* NavigationCoordinator.swift in Sources */,
				B08507DC24B12ACB00371BE1 /* ParkinsonsDataCollection.xcdatamodeld in Sources */,
				B051802D24B2CE0F000C86F3 /* RotationTestViewController.swift in Sources */,
				B051802F24B2D48A000C86F3 /* ClinicalRatingViewController.swift in Sources */,
				B03F47F124C3BCC300F09879 /* Data.swift in Sources */,
				B051803224B2D673000C86F3 /* RestViewController.swift in Sources */,
				B085080F24B136F300371BE1 /* Constants.swift in Sources */,
			);
			runOnlyForDeploymentPostprocessing = 0;
		};
		B08507E324B12ACC00371BE1 /* Sources */ = {
			isa = PBXSourcesBuildPhase;
			buildActionMask = 2147483647;
			files = (
				B08507EC24B12ACC00371BE1 /* ParkinsonsDataCollectionTests.swift in Sources */,
			);
			runOnlyForDeploymentPostprocessing = 0;
		};
		B08507EE24B12ACC00371BE1 /* Sources */ = {
			isa = PBXSourcesBuildPhase;
			buildActionMask = 2147483647;
			files = (
				B08507F724B12ACC00371BE1 /* ParkinsonsDataCollectionUITests.swift in Sources */,
			);
			runOnlyForDeploymentPostprocessing = 0;
		};
/* End PBXSourcesBuildPhase section */

/* Begin PBXTargetDependency section */
		B08507E924B12ACC00371BE1 /* PBXTargetDependency */ = {
			isa = PBXTargetDependency;
			target = B08507CD24B12ACB00371BE1 /* ParkinsonsDataCollection */;
			targetProxy = B08507E824B12ACC00371BE1 /* PBXContainerItemProxy */;
		};
		B08507F424B12ACC00371BE1 /* PBXTargetDependency */ = {
			isa = PBXTargetDependency;
			target = B08507CD24B12ACB00371BE1 /* ParkinsonsDataCollection */;
			targetProxy = B08507F324B12ACC00371BE1 /* PBXContainerItemProxy */;
		};
/* End PBXTargetDependency section */

/* Begin PBXVariantGroup section */
		B08507D724B12ACB00371BE1 /* Main.storyboard */ = {
			isa = PBXVariantGroup;
			children = (
				B08507D824B12ACB00371BE1 /* Base */,
			);
			name = Main.storyboard;
			sourceTree = "<group>";
		};
		B08507DF24B12ACC00371BE1 /* LaunchScreen.storyboard */ = {
			isa = PBXVariantGroup;
			children = (
				B08507E024B12ACC00371BE1 /* Base */,
			);
			name = LaunchScreen.storyboard;
			sourceTree = "<group>";
		};
/* End PBXVariantGroup section */

/* Begin XCBuildConfiguration section */
		B08507F924B12ACC00371BE1 /* Debug */ = {
			isa = XCBuildConfiguration;
			buildSettings = {
				ALWAYS_SEARCH_USER_PATHS = NO;
				CLANG_ANALYZER_NONNULL = YES;
				CLANG_ANALYZER_NUMBER_OBJECT_CONVERSION = YES_AGGRESSIVE;
				CLANG_CXX_LANGUAGE_STANDARD = "gnu++14";
				CLANG_CXX_LIBRARY = "libc++";
				CLANG_ENABLE_MODULES = YES;
				CLANG_ENABLE_OBJC_ARC = YES;
				CLANG_ENABLE_OBJC_WEAK = YES;
				CLANG_WARN_BLOCK_CAPTURE_AUTORELEASING = YES;
				CLANG_WARN_BOOL_CONVERSION = YES;
				CLANG_WARN_COMMA = YES;
				CLANG_WARN_CONSTANT_CONVERSION = YES;
				CLANG_WARN_DEPRECATED_OBJC_IMPLEMENTATIONS = YES;
				CLANG_WARN_DIRECT_OBJC_ISA_USAGE = YES_ERROR;
				CLANG_WARN_DOCUMENTATION_COMMENTS = YES;
				CLANG_WARN_EMPTY_BODY = YES;
				CLANG_WARN_ENUM_CONVERSION = YES;
				CLANG_WARN_INFINITE_RECURSION = YES;
				CLANG_WARN_INT_CONVERSION = YES;
				CLANG_WARN_NON_LITERAL_NULL_CONVERSION = YES;
				CLANG_WARN_OBJC_IMPLICIT_RETAIN_SELF = YES;
				CLANG_WARN_OBJC_LITERAL_CONVERSION = YES;
				CLANG_WARN_OBJC_ROOT_CLASS = YES_ERROR;
				CLANG_WARN_RANGE_LOOP_ANALYSIS = YES;
				CLANG_WARN_STRICT_PROTOTYPES = YES;
				CLANG_WARN_SUSPICIOUS_MOVE = YES;
				CLANG_WARN_UNGUARDED_AVAILABILITY = YES_AGGRESSIVE;
				CLANG_WARN_UNREACHABLE_CODE = YES;
				CLANG_WARN__DUPLICATE_METHOD_MATCH = YES;
				COPY_PHASE_STRIP = NO;
				DEBUG_INFORMATION_FORMAT = dwarf;
				ENABLE_STRICT_OBJC_MSGSEND = YES;
				ENABLE_TESTABILITY = YES;
				GCC_C_LANGUAGE_STANDARD = gnu11;
				GCC_DYNAMIC_NO_PIC = NO;
				GCC_NO_COMMON_BLOCKS = YES;
				GCC_OPTIMIZATION_LEVEL = 0;
				GCC_PREPROCESSOR_DEFINITIONS = (
					"DEBUG=1",
					"$(inherited)",
				);
				GCC_WARN_64_TO_32_BIT_CONVERSION = YES;
				GCC_WARN_ABOUT_RETURN_TYPE = YES_ERROR;
				GCC_WARN_UNDECLARED_SELECTOR = YES;
				GCC_WARN_UNINITIALIZED_AUTOS = YES_AGGRESSIVE;
				GCC_WARN_UNUSED_FUNCTION = YES;
				GCC_WARN_UNUSED_VARIABLE = YES;
				IPHONEOS_DEPLOYMENT_TARGET = 13.5;
				MTL_ENABLE_DEBUG_INFO = INCLUDE_SOURCE;
				MTL_FAST_MATH = YES;
				ONLY_ACTIVE_ARCH = YES;
				SDKROOT = iphoneos;
				SWIFT_ACTIVE_COMPILATION_CONDITIONS = DEBUG;
				SWIFT_OPTIMIZATION_LEVEL = "-Onone";
			};
			name = Debug;
		};
		B08507FA24B12ACC00371BE1 /* Release */ = {
			isa = XCBuildConfiguration;
			buildSettings = {
				ALWAYS_SEARCH_USER_PATHS = NO;
				CLANG_ANALYZER_NONNULL = YES;
				CLANG_ANALYZER_NUMBER_OBJECT_CONVERSION = YES_AGGRESSIVE;
				CLANG_CXX_LANGUAGE_STANDARD = "gnu++14";
				CLANG_CXX_LIBRARY = "libc++";
				CLANG_ENABLE_MODULES = YES;
				CLANG_ENABLE_OBJC_ARC = YES;
				CLANG_ENABLE_OBJC_WEAK = YES;
				CLANG_WARN_BLOCK_CAPTURE_AUTORELEASING = YES;
				CLANG_WARN_BOOL_CONVERSION = YES;
				CLANG_WARN_COMMA = YES;
				CLANG_WARN_CONSTANT_CONVERSION = YES;
				CLANG_WARN_DEPRECATED_OBJC_IMPLEMENTATIONS = YES;
				CLANG_WARN_DIRECT_OBJC_ISA_USAGE = YES_ERROR;
				CLANG_WARN_DOCUMENTATION_COMMENTS = YES;
				CLANG_WARN_EMPTY_BODY = YES;
				CLANG_WARN_ENUM_CONVERSION = YES;
				CLANG_WARN_INFINITE_RECURSION = YES;
				CLANG_WARN_INT_CONVERSION = YES;
				CLANG_WARN_NON_LITERAL_NULL_CONVERSION = YES;
				CLANG_WARN_OBJC_IMPLICIT_RETAIN_SELF = YES;
				CLANG_WARN_OBJC_LITERAL_CONVERSION = YES;
				CLANG_WARN_OBJC_ROOT_CLASS = YES_ERROR;
				CLANG_WARN_RANGE_LOOP_ANALYSIS = YES;
				CLANG_WARN_STRICT_PROTOTYPES = YES;
				CLANG_WARN_SUSPICIOUS_MOVE = YES;
				CLANG_WARN_UNGUARDED_AVAILABILITY = YES_AGGRESSIVE;
				CLANG_WARN_UNREACHABLE_CODE = YES;
				CLANG_WARN__DUPLICATE_METHOD_MATCH = YES;
				COPY_PHASE_STRIP = NO;
				DEBUG_INFORMATION_FORMAT = "dwarf-with-dsym";
				ENABLE_NS_ASSERTIONS = NO;
				ENABLE_STRICT_OBJC_MSGSEND = YES;
				GCC_C_LANGUAGE_STANDARD = gnu11;
				GCC_NO_COMMON_BLOCKS = YES;
				GCC_WARN_64_TO_32_BIT_CONVERSION = YES;
				GCC_WARN_ABOUT_RETURN_TYPE = YES_ERROR;
				GCC_WARN_UNDECLARED_SELECTOR = YES;
				GCC_WARN_UNINITIALIZED_AUTOS = YES_AGGRESSIVE;
				GCC_WARN_UNUSED_FUNCTION = YES;
				GCC_WARN_UNUSED_VARIABLE = YES;
				IPHONEOS_DEPLOYMENT_TARGET = 13.5;
				MTL_ENABLE_DEBUG_INFO = NO;
				MTL_FAST_MATH = YES;
				SDKROOT = iphoneos;
				SWIFT_COMPILATION_MODE = wholemodule;
				SWIFT_OPTIMIZATION_LEVEL = "-O";
				VALIDATE_PRODUCT = YES;
			};
			name = Release;
		};
		B08507FC24B12ACC00371BE1 /* Debug */ = {
			isa = XCBuildConfiguration;
			baseConfigurationReference = 8A56F18220259BAC555A6492 /* Pods-ParkinsonsDataCollection.debug.xcconfig */;
			buildSettings = {
				ASSETCATALOG_COMPILER_APPICON_NAME = AppIcon;
				CODE_SIGN_STYLE = Automatic;
				CURRENT_PROJECT_VERSION = 3;
				DEVELOPMENT_TEAM = 8F4HAPMXNR;
				INFOPLIST_FILE = ParkinsonsDataCollection/Info.plist;
				LD_RUNPATH_SEARCH_PATHS = (
					"$(inherited)",
					"@executable_path/Frameworks",
				);
				MARKETING_VERSION = 1.1;
				PRODUCT_BUNDLE_IDENTIFIER = com.yerasi.ParkinsonsDataCollection;
				PRODUCT_NAME = "$(TARGET_NAME)";
				SWIFT_VERSION = 5.0;
				TARGETED_DEVICE_FAMILY = "1,2";
			};
			name = Debug;
		};
		B08507FD24B12ACC00371BE1 /* Release */ = {
			isa = XCBuildConfiguration;
			baseConfigurationReference = F33ECFDD8398A503E71B1A3F /* Pods-ParkinsonsDataCollection.release.xcconfig */;
			buildSettings = {
				ASSETCATALOG_COMPILER_APPICON_NAME = AppIcon;
				CODE_SIGN_STYLE = Automatic;
				CURRENT_PROJECT_VERSION = 3;
				DEVELOPMENT_TEAM = 8F4HAPMXNR;
				INFOPLIST_FILE = ParkinsonsDataCollection/Info.plist;
				LD_RUNPATH_SEARCH_PATHS = (
					"$(inherited)",
					"@executable_path/Frameworks",
				);
				MARKETING_VERSION = 1.1;
				PRODUCT_BUNDLE_IDENTIFIER = com.yerasi.ParkinsonsDataCollection;
				PRODUCT_NAME = "$(TARGET_NAME)";
				SWIFT_VERSION = 5.0;
				TARGETED_DEVICE_FAMILY = "1,2";
			};
			name = Release;
		};
		B08507FF24B12ACC00371BE1 /* Debug */ = {
			isa = XCBuildConfiguration;
			baseConfigurationReference = 9B140C8B1AB0FA31797F28AC /* Pods-ParkinsonsDataCollectionTests.debug.xcconfig */;
			buildSettings = {
				ALWAYS_EMBED_SWIFT_STANDARD_LIBRARIES = YES;
				BUNDLE_LOADER = "$(TEST_HOST)";
				CODE_SIGN_STYLE = Automatic;
				DEVELOPMENT_TEAM = 8F4HAPMXNR;
				INFOPLIST_FILE = ParkinsonsDataCollectionTests/Info.plist;
				IPHONEOS_DEPLOYMENT_TARGET = 13.5;
				LD_RUNPATH_SEARCH_PATHS = (
					"$(inherited)",
					"@executable_path/Frameworks",
					"@loader_path/Frameworks",
				);
				PRODUCT_BUNDLE_IDENTIFIER = com.yerasi.ParkinsonsDataCollectionTests;
				PRODUCT_NAME = "$(TARGET_NAME)";
				SWIFT_VERSION = 5.0;
				TARGETED_DEVICE_FAMILY = "1,2";
				TEST_HOST = "$(BUILT_PRODUCTS_DIR)/ParkinsonsDataCollection.app/ParkinsonsDataCollection";
			};
			name = Debug;
		};
		B085080024B12ACC00371BE1 /* Release */ = {
			isa = XCBuildConfiguration;
			baseConfigurationReference = E1FE4C48D402D631A8792CBE /* Pods-ParkinsonsDataCollectionTests.release.xcconfig */;
			buildSettings = {
				ALWAYS_EMBED_SWIFT_STANDARD_LIBRARIES = YES;
				BUNDLE_LOADER = "$(TEST_HOST)";
				CODE_SIGN_STYLE = Automatic;
				DEVELOPMENT_TEAM = 8F4HAPMXNR;
				INFOPLIST_FILE = ParkinsonsDataCollectionTests/Info.plist;
				IPHONEOS_DEPLOYMENT_TARGET = 13.5;
				LD_RUNPATH_SEARCH_PATHS = (
					"$(inherited)",
					"@executable_path/Frameworks",
					"@loader_path/Frameworks",
				);
				PRODUCT_BUNDLE_IDENTIFIER = com.yerasi.ParkinsonsDataCollectionTests;
				PRODUCT_NAME = "$(TARGET_NAME)";
				SWIFT_VERSION = 5.0;
				TARGETED_DEVICE_FAMILY = "1,2";
				TEST_HOST = "$(BUILT_PRODUCTS_DIR)/ParkinsonsDataCollection.app/ParkinsonsDataCollection";
			};
			name = Release;
		};
		B085080224B12ACC00371BE1 /* Debug */ = {
			isa = XCBuildConfiguration;
			baseConfigurationReference = 136069C18C296B92FC6E4544 /* Pods-ParkinsonsDataCollection-ParkinsonsDataCollectionUITests.debug.xcconfig */;
			buildSettings = {
				ALWAYS_EMBED_SWIFT_STANDARD_LIBRARIES = YES;
				CODE_SIGN_STYLE = Automatic;
				DEVELOPMENT_TEAM = 8F4HAPMXNR;
				INFOPLIST_FILE = ParkinsonsDataCollectionUITests/Info.plist;
				LD_RUNPATH_SEARCH_PATHS = (
					"$(inherited)",
					"@executable_path/Frameworks",
					"@loader_path/Frameworks",
				);
				PRODUCT_BUNDLE_IDENTIFIER = com.yerasi.ParkinsonsDataCollectionUITests;
				PRODUCT_NAME = "$(TARGET_NAME)";
				SWIFT_VERSION = 5.0;
				TARGETED_DEVICE_FAMILY = "1,2";
				TEST_TARGET_NAME = ParkinsonsDataCollection;
			};
			name = Debug;
		};
		B085080324B12ACC00371BE1 /* Release */ = {
			isa = XCBuildConfiguration;
			baseConfigurationReference = BC4A12E81671F82109F4352C /* Pods-ParkinsonsDataCollection-ParkinsonsDataCollectionUITests.release.xcconfig */;
			buildSettings = {
				ALWAYS_EMBED_SWIFT_STANDARD_LIBRARIES = YES;
				CODE_SIGN_STYLE = Automatic;
				DEVELOPMENT_TEAM = 8F4HAPMXNR;
				INFOPLIST_FILE = ParkinsonsDataCollectionUITests/Info.plist;
				LD_RUNPATH_SEARCH_PATHS = (
					"$(inherited)",
					"@executable_path/Frameworks",
					"@loader_path/Frameworks",
				);
				PRODUCT_BUNDLE_IDENTIFIER = com.yerasi.ParkinsonsDataCollectionUITests;
				PRODUCT_NAME = "$(TARGET_NAME)";
				SWIFT_VERSION = 5.0;
				TARGETED_DEVICE_FAMILY = "1,2";
				TEST_TARGET_NAME = ParkinsonsDataCollection;
			};
			name = Release;
		};
/* End XCBuildConfiguration section */

/* Begin XCConfigurationList section */
		B08507C924B12ACB00371BE1 /* Build configuration list for PBXProject "ParkinsonsDataCollection" */ = {
			isa = XCConfigurationList;
			buildConfigurations = (
				B08507F924B12ACC00371BE1 /* Debug */,
				B08507FA24B12ACC00371BE1 /* Release */,
			);
			defaultConfigurationIsVisible = 0;
			defaultConfigurationName = Release;
		};
		B08507FB24B12ACC00371BE1 /* Build configuration list for PBXNativeTarget "ParkinsonsDataCollection" */ = {
			isa = XCConfigurationList;
			buildConfigurations = (
				B08507FC24B12ACC00371BE1 /* Debug */,
				B08507FD24B12ACC00371BE1 /* Release */,
			);
			defaultConfigurationIsVisible = 0;
			defaultConfigurationName = Release;
		};
		B08507FE24B12ACC00371BE1 /* Build configuration list for PBXNativeTarget "ParkinsonsDataCollectionTests" */ = {
			isa = XCConfigurationList;
			buildConfigurations = (
				B08507FF24B12ACC00371BE1 /* Debug */,
				B085080024B12ACC00371BE1 /* Release */,
			);
			defaultConfigurationIsVisible = 0;
			defaultConfigurationName = Release;
		};
		B085080124B12ACC00371BE1 /* Build configuration list for PBXNativeTarget "ParkinsonsDataCollectionUITests" */ = {
			isa = XCConfigurationList;
			buildConfigurations = (
				B085080224B12ACC00371BE1 /* Debug */,
				B085080324B12ACC00371BE1 /* Release */,
			);
			defaultConfigurationIsVisible = 0;
			defaultConfigurationName = Release;
		};
/* End XCConfigurationList section */

/* Begin XCVersionGroup section */
		B08507DA24B12ACB00371BE1 /* ParkinsonsDataCollection.xcdatamodeld */ = {
			isa = XCVersionGroup;
			children = (
				B08507DB24B12ACB00371BE1 /* ParkinsonsDataCollection.xcdatamodel */,
			);
			currentVersion = B08507DB24B12ACB00371BE1 /* ParkinsonsDataCollection.xcdatamodel */;
			path = ParkinsonsDataCollection.xcdatamodeld;
			sourceTree = "<group>";
			versionGroupType = wrapper.xcdatamodel;
		};
/* End XCVersionGroup section */
	};
	rootObject = B08507C624B12ACB00371BE1 /* Project object */;
}
